// !$*UTF8*$!
{
	archiveVersion = 1;
	classes = {
	};
	objectVersion = 46;
	objects = {

/* Begin PBXBuildFile section */
		72104D4215BC778A00653500 /* Particles_fire.png in Resources */ = {isa = PBXBuildFile; fileRef = 72104D4115BC778A00653500 /* Particles_fire.png */; };
		72104D5B15BC7E8900653500 /* app_icon.png in Resources */ = {isa = PBXBuildFile; fileRef = 72104D4815BC7E8900653500 /* app_icon.png */; };
		72104D5C15BC7E8900653500 /* effects_bar.png in Resources */ = {isa = PBXBuildFile; fileRef = 72104D4915BC7E8900653500 /* effects_bar.png */; };
		72104D5D15BC7E8900653500 /* FullLayout.png in Resources */ = {isa = PBXBuildFile; fileRef = 72104D4A15BC7E8900653500 /* FullLayout.png */; };
		72104D5E15BC7E8900653500 /* icon1-1.png in Resources */ = {isa = PBXBuildFile; fileRef = 72104D4B15BC7E8900653500 /* icon1-1.png */; };
		72104D5F15BC7E8900653500 /* icon1-2.png in Resources */ = {isa = PBXBuildFile; fileRef = 72104D4C15BC7E8900653500 /* icon1-2.png */; };
		72104D6015BC7E8900653500 /* icon1-3.png in Resources */ = {isa = PBXBuildFile; fileRef = 72104D4D15BC7E8900653500 /* icon1-3.png */; };
		72104D6115BC7E8900653500 /* icon1-4.png in Resources */ = {isa = PBXBuildFile; fileRef = 72104D4E15BC7E8900653500 /* icon1-4.png */; };
		72104D6215BC7E8900653500 /* icon1-5.png in Resources */ = {isa = PBXBuildFile; fileRef = 72104D4F15BC7E8900653500 /* icon1-5.png */; };
		72104D6315BC7E8900653500 /* icon1-6.png in Resources */ = {isa = PBXBuildFile; fileRef = 72104D5015BC7E8900653500 /* icon1-6.png */; };
		72104D6415BC7E8900653500 /* icon2-1.png in Resources */ = {isa = PBXBuildFile; fileRef = 72104D5115BC7E8900653500 /* icon2-1.png */; };
		72104D6515BC7E8900653500 /* icon2-2.png in Resources */ = {isa = PBXBuildFile; fileRef = 72104D5215BC7E8900653500 /* icon2-2.png */; };
		72104D6615BC7E8900653500 /* icon2-3.png in Resources */ = {isa = PBXBuildFile; fileRef = 72104D5315BC7E8900653500 /* icon2-3.png */; };
		72104D6715BC7E8900653500 /* icon2-4.png in Resources */ = {isa = PBXBuildFile; fileRef = 72104D5415BC7E8900653500 /* icon2-4.png */; };
		72104D6815BC7E8900653500 /* icon2-5.png in Resources */ = {isa = PBXBuildFile; fileRef = 72104D5515BC7E8900653500 /* icon2-5.png */; };
		72104D6915BC7E8900653500 /* icon2-6.png in Resources */ = {isa = PBXBuildFile; fileRef = 72104D5615BC7E8900653500 /* icon2-6.png */; };
		72104D6A15BC7E8900653500 /* icon2-7.png in Resources */ = {isa = PBXBuildFile; fileRef = 72104D5715BC7E8900653500 /* icon2-7.png */; };
		72104D6B15BC7E8900653500 /* icon2-8.png in Resources */ = {isa = PBXBuildFile; fileRef = 72104D5815BC7E8900653500 /* icon2-8.png */; };
		72104D6C15BC7E8900653500 /* icon_separator.png in Resources */ = {isa = PBXBuildFile; fileRef = 72104D5915BC7E8900653500 /* icon_separator.png */; };
		72104D6D15BC7E8900653500 /* title_bar.png in Resources */ = {isa = PBXBuildFile; fileRef = 72104D5A15BC7E8900653500 /* title_bar.png */; };
		72104D7415BC7F1300653500 /* Icon-72.png in Resources */ = {isa = PBXBuildFile; fileRef = 72104D7315BC7F1300653500 /* Icon-72.png */; };
		72104D7615BC7F1A00653500 /* Icon-72@2x.png in Resources */ = {isa = PBXBuildFile; fileRef = 72104D7515BC7F1A00653500 /* Icon-72@2x.png */; };
		7216241115BB84B80001877E /* UIKit.framework in Frameworks */ = {isa = PBXBuildFile; fileRef = 7216241015BB84B80001877E /* UIKit.framework */; };
		7216241315BB84B80001877E /* Foundation.framework in Frameworks */ = {isa = PBXBuildFile; fileRef = 7216241215BB84B80001877E /* Foundation.framework */; };
		7216241515BB84B80001877E /* CoreGraphics.framework in Frameworks */ = {isa = PBXBuildFile; fileRef = 7216241415BB84B80001877E /* CoreGraphics.framework */; };
		7216241B15BB84B80001877E /* InfoPlist.strings in Resources */ = {isa = PBXBuildFile; fileRef = 7216241915BB84B80001877E /* InfoPlist.strings */; };
		7216241D15BB84B80001877E /* main.m in Sources */ = {isa = PBXBuildFile; fileRef = 7216241C15BB84B80001877E /* main.m */; };
		7216242115BB84B80001877E /* AppDelegate.m in Sources */ = {isa = PBXBuildFile; fileRef = 7216242015BB84B80001877E /* AppDelegate.m */; };
		7216242415BB84B80001877E /* MainStoryboard_iPhone.storyboard in Resources */ = {isa = PBXBuildFile; fileRef = 7216242215BB84B80001877E /* MainStoryboard_iPhone.storyboard */; };
		7216242715BB84B80001877E /* MainStoryboard_iPad.storyboard in Resources */ = {isa = PBXBuildFile; fileRef = 7216242515BB84B80001877E /* MainStoryboard_iPad.storyboard */; };
		7216243F15BB852A0001877E /* ImageIO.framework in Frameworks */ = {isa = PBXBuildFile; fileRef = 7216243815BB852A0001877E /* ImageIO.framework */; };
		7216244015BB852A0001877E /* QuartzCore.framework in Frameworks */ = {isa = PBXBuildFile; fileRef = 7216243915BB852A0001877E /* QuartzCore.framework */; };
		7216244115BB852A0001877E /* CoreMedia.framework in Frameworks */ = {isa = PBXBuildFile; fileRef = 7216243A15BB852A0001877E /* CoreMedia.framework */; };
		7216244215BB852A0001877E /* AssetsLibrary.framework in Frameworks */ = {isa = PBXBuildFile; fileRef = 7216243B15BB852A0001877E /* AssetsLibrary.framework */; };
		7216244315BB852A0001877E /* CoreImage.framework in Frameworks */ = {isa = PBXBuildFile; fileRef = 7216243C15BB852A0001877E /* CoreImage.framework */; };
		7216244415BB852A0001877E /* AVFoundation.framework in Frameworks */ = {isa = PBXBuildFile; fileRef = 7216243D15BB852A0001877E /* AVFoundation.framework */; };
		7216244515BB852A0001877E /* CoreVideo.framework in Frameworks */ = {isa = PBXBuildFile; fileRef = 7216243E15BB852A0001877E /* CoreVideo.framework */; };
		7216244C15BB86E40001877E /* SquareCamViewController.m in Sources */ = {isa = PBXBuildFile; fileRef = 7216244A15BB86E40001877E /* SquareCamViewController.m */; };
		7216245B15BB8CAA0001877E /* DWFParticleView.m in Sources */ = {isa = PBXBuildFile; fileRef = 7216245915BB8CAA0001877E /* DWFParticleView.m */; };
		7223EF7515BBC1860060AF6B /* GLKit.framework in Frameworks */ = {isa = PBXBuildFile; fileRef = 7223EF7315BBC1860060AF6B /* GLKit.framework */; };
		7223EF7615BBC1860060AF6B /* OpenGLES.framework in Frameworks */ = {isa = PBXBuildFile; fileRef = 7223EF7415BBC1860060AF6B /* OpenGLES.framework */; };
		7285651E15BBE1940011BAF9 /* bubble1.png in Resources */ = {isa = PBXBuildFile; fileRef = 7285650F15BBE1940011BAF9 /* bubble1.png */; };
		7285651F15BBE1940011BAF9 /* circle1.png in Resources */ = {isa = PBXBuildFile; fileRef = 7285651015BBE1940011BAF9 /* circle1.png */; };
		7285652015BBE1940011BAF9 /* Cross.png in Resources */ = {isa = PBXBuildFile; fileRef = 7285651115BBE1940011BAF9 /* Cross.png */; };
		7285652115BBE1940011BAF9 /* Hawk.png in Resources */ = {isa = PBXBuildFile; fileRef = 7285651215BBE1940011BAF9 /* Hawk.png */; };
		7285652215BBE1940011BAF9 /* heart1.png in Resources */ = {isa = PBXBuildFile; fileRef = 7285651315BBE1940011BAF9 /* heart1.png */; };
		7285652315BBE1940011BAF9 /* heart2.png in Resources */ = {isa = PBXBuildFile; fileRef = 7285651415BBE1940011BAF9 /* heart2.png */; };
		7285652415BBE1940011BAF9 /* Laby7.png in Resources */ = {isa = PBXBuildFile; fileRef = 7285651515BBE1940011BAF9 /* Laby7.png */; };
		7285652515BBE1940011BAF9 /* leaf1.png in Resources */ = {isa = PBXBuildFile; fileRef = 7285651615BBE1940011BAF9 /* leaf1.png */; };
		7285652615BBE1940011BAF9 /* LOL1.png in Resources */ = {isa = PBXBuildFile; fileRef = 7285651715BBE1940011BAF9 /* LOL1.png */; };
		7285652715BBE1940011BAF9 /* omg1.png in Resources */ = {isa = PBXBuildFile; fileRef = 7285651815BBE1940011BAF9 /* omg1.png */; };
		7285652815BBE1940011BAF9 /* paw1.png in Resources */ = {isa = PBXBuildFile; fileRef = 7285651915BBE1940011BAF9 /* paw1.png */; };
		7285652915BBE1940011BAF9 /* splatter1.png in Resources */ = {isa = PBXBuildFile; fileRef = 7285651A15BBE1940011BAF9 /* splatter1.png */; };
		7285652A15BBE1940011BAF9 /* StoneSpiral.png in Resources */ = {isa = PBXBuildFile; fileRef = 7285651B15BBE1940011BAF9 /* StoneSpiral.png */; };
		7285652B15BBE1940011BAF9 /* sub_particle1.png in Resources */ = {isa = PBXBuildFile; fileRef = 7285651C15BBE1940011BAF9 /* sub_particle1.png */; };
		7285652C15BBE1940011BAF9 /* zzz1.png in Resources */ = {isa = PBXBuildFile; fileRef = 7285651D15BBE1940011BAF9 /* zzz1.png */; };
		72B0D87715BBB4CB00C41B3E /* squarePNG.png in Resources */ = {isa = PBXBuildFile; fileRef = 72B0D87615BBB4CB00C41B3E /* squarePNG.png */; };
		72CA4DAB15BB985A007FCD2C /* Poppy.png in Resources */ = {isa = PBXBuildFile; fileRef = 72CA4DA615BB985A007FCD2C /* Poppy.png */; };
		72CA4DAC15BB985A007FCD2C /* star1.png in Resources */ = {isa = PBXBuildFile; fileRef = 72CA4DA715BB985A007FCD2C /* star1.png */; };
		72CA4DAD15BB985A007FCD2C /* star2.png in Resources */ = {isa = PBXBuildFile; fileRef = 72CA4DA815BB985A007FCD2C /* star2.png */; };
		72CA4DAE15BB985A007FCD2C /* star3.png in Resources */ = {isa = PBXBuildFile; fileRef = 72CA4DA915BB985A007FCD2C /* star3.png */; };
		72CA4DAF15BB985A007FCD2C /* star4.png in Resources */ = {isa = PBXBuildFile; fileRef = 72CA4DAA15BB985A007FCD2C /* star4.png */; };
		72FBC6F215BC9105005A8761 /* face_spiral.png in Resources */ = {isa = PBXBuildFile; fileRef = 72FBC6F115BC9105005A8761 /* face_spiral.png */; };
/* End PBXBuildFile section */

/* Begin PBXFileReference section */
		72104D4115BC778A00653500 /* Particles_fire.png */ = {isa = PBXFileReference; lastKnownFileType = image.png; path = Particles_fire.png; sourceTree = "<group>"; };
		72104D4815BC7E8900653500 /* app_icon.png */ = {isa = PBXFileReference; lastKnownFileType = image.png; path = app_icon.png; sourceTree = "<group>"; };
		72104D4915BC7E8900653500 /* effects_bar.png */ = {isa = PBXFileReference; lastKnownFileType = image.png; path = effects_bar.png; sourceTree = "<group>"; };
		72104D4A15BC7E8900653500 /* FullLayout.png */ = {isa = PBXFileReference; lastKnownFileType = image.png; path = FullLayout.png; sourceTree = "<group>"; };
		72104D4B15BC7E8900653500 /* icon1-1.png */ = {isa = PBXFileReference; lastKnownFileType = image.png; path = "icon1-1.png"; sourceTree = "<group>"; };
		72104D4C15BC7E8900653500 /* icon1-2.png */ = {isa = PBXFileReference; lastKnownFileType = image.png; path = "icon1-2.png"; sourceTree = "<group>"; };
		72104D4D15BC7E8900653500 /* icon1-3.png */ = {isa = PBXFileReference; lastKnownFileType = image.png; path = "icon1-3.png"; sourceTree = "<group>"; };
		72104D4E15BC7E8900653500 /* icon1-4.png */ = {isa = PBXFileReference; lastKnownFileType = image.png; path = "icon1-4.png"; sourceTree = "<group>"; };
		72104D4F15BC7E8900653500 /* icon1-5.png */ = {isa = PBXFileReference; lastKnownFileType = image.png; path = "icon1-5.png"; sourceTree = "<group>"; };
		72104D5015BC7E8900653500 /* icon1-6.png */ = {isa = PBXFileReference; lastKnownFileType = image.png; path = "icon1-6.png"; sourceTree = "<group>"; };
		72104D5115BC7E8900653500 /* icon2-1.png */ = {isa = PBXFileReference; lastKnownFileType = image.png; path = "icon2-1.png"; sourceTree = "<group>"; };
		72104D5215BC7E8900653500 /* icon2-2.png */ = {isa = PBXFileReference; lastKnownFileType = image.png; path = "icon2-2.png"; sourceTree = "<group>"; };
		72104D5315BC7E8900653500 /* icon2-3.png */ = {isa = PBXFileReference; lastKnownFileType = image.png; path = "icon2-3.png"; sourceTree = "<group>"; };
		72104D5415BC7E8900653500 /* icon2-4.png */ = {isa = PBXFileReference; lastKnownFileType = image.png; path = "icon2-4.png"; sourceTree = "<group>"; };
		72104D5515BC7E8900653500 /* icon2-5.png */ = {isa = PBXFileReference; lastKnownFileType = image.png; path = "icon2-5.png"; sourceTree = "<group>"; };
		72104D5615BC7E8900653500 /* icon2-6.png */ = {isa = PBXFileReference; lastKnownFileType = image.png; path = "icon2-6.png"; sourceTree = "<group>"; };
		72104D5715BC7E8900653500 /* icon2-7.png */ = {isa = PBXFileReference; lastKnownFileType = image.png; path = "icon2-7.png"; sourceTree = "<group>"; };
		72104D5815BC7E8900653500 /* icon2-8.png */ = {isa = PBXFileReference; lastKnownFileType = image.png; path = "icon2-8.png"; sourceTree = "<group>"; };
		72104D5915BC7E8900653500 /* icon_separator.png */ = {isa = PBXFileReference; lastKnownFileType = image.png; path = icon_separator.png; sourceTree = "<group>"; };
		72104D5A15BC7E8900653500 /* title_bar.png */ = {isa = PBXFileReference; lastKnownFileType = image.png; path = title_bar.png; sourceTree = "<group>"; };
		72104D7315BC7F1300653500 /* Icon-72.png */ = {isa = PBXFileReference; lastKnownFileType = image.png; path = "Icon-72.png"; sourceTree = "<group>"; };
		72104D7515BC7F1A00653500 /* Icon-72@2x.png */ = {isa = PBXFileReference; lastKnownFileType = image.png; path = "Icon-72@2x.png"; sourceTree = "<group>"; };
		7216240C15BB84B80001877E /* SeeMeHearMeTouchMe.app */ = {isa = PBXFileReference; explicitFileType = wrapper.application; includeInIndex = 0; path = SeeMeHearMeTouchMe.app; sourceTree = BUILT_PRODUCTS_DIR; };
		7216241015BB84B80001877E /* UIKit.framework */ = {isa = PBXFileReference; lastKnownFileType = wrapper.framework; name = UIKit.framework; path = System/Library/Frameworks/UIKit.framework; sourceTree = SDKROOT; };
		7216241215BB84B80001877E /* Foundation.framework */ = {isa = PBXFileReference; lastKnownFileType = wrapper.framework; name = Foundation.framework; path = System/Library/Frameworks/Foundation.framework; sourceTree = SDKROOT; };
		7216241415BB84B80001877E /* CoreGraphics.framework */ = {isa = PBXFileReference; lastKnownFileType = wrapper.framework; name = CoreGraphics.framework; path = System/Library/Frameworks/CoreGraphics.framework; sourceTree = SDKROOT; };
		7216241815BB84B80001877E /* SeeMeHearMeTouchMe-Info.plist */ = {isa = PBXFileReference; lastKnownFileType = text.plist.xml; path = "SeeMeHearMeTouchMe-Info.plist"; sourceTree = "<group>"; };
		7216241A15BB84B80001877E /* en */ = {isa = PBXFileReference; lastKnownFileType = text.plist.strings; name = en; path = en.lproj/InfoPlist.strings; sourceTree = "<group>"; };
		7216241C15BB84B80001877E /* main.m */ = {isa = PBXFileReference; lastKnownFileType = sourcecode.c.objc; path = main.m; sourceTree = "<group>"; };
		7216241E15BB84B80001877E /* SeeMeHearMeTouchMe-Prefix.pch */ = {isa = PBXFileReference; lastKnownFileType = sourcecode.c.h; path = "SeeMeHearMeTouchMe-Prefix.pch"; sourceTree = "<group>"; };
		7216241F15BB84B80001877E /* AppDelegate.h */ = {isa = PBXFileReference; lastKnownFileType = sourcecode.c.h; path = AppDelegate.h; sourceTree = "<group>"; };
		7216242015BB84B80001877E /* AppDelegate.m */ = {isa = PBXFileReference; lastKnownFileType = sourcecode.c.objc; path = AppDelegate.m; sourceTree = "<group>"; };
		7216242315BB84B80001877E /* en */ = {isa = PBXFileReference; lastKnownFileType = file.storyboard; name = en; path = en.lproj/MainStoryboard_iPhone.storyboard; sourceTree = "<group>"; };
		7216242615BB84B80001877E /* en */ = {isa = PBXFileReference; lastKnownFileType = file.storyboard; name = en; path = en.lproj/MainStoryboard_iPad.storyboard; sourceTree = "<group>"; };
		7216243815BB852A0001877E /* ImageIO.framework */ = {isa = PBXFileReference; lastKnownFileType = wrapper.framework; name = ImageIO.framework; path = System/Library/Frameworks/ImageIO.framework; sourceTree = SDKROOT; };
		7216243915BB852A0001877E /* QuartzCore.framework */ = {isa = PBXFileReference; lastKnownFileType = wrapper.framework; name = QuartzCore.framework; path = System/Library/Frameworks/QuartzCore.framework; sourceTree = SDKROOT; };
		7216243A15BB852A0001877E /* CoreMedia.framework */ = {isa = PBXFileReference; lastKnownFileType = wrapper.framework; name = CoreMedia.framework; path = System/Library/Frameworks/CoreMedia.framework; sourceTree = SDKROOT; };
		7216243B15BB852A0001877E /* AssetsLibrary.framework */ = {isa = PBXFileReference; lastKnownFileType = wrapper.framework; name = AssetsLibrary.framework; path = System/Library/Frameworks/AssetsLibrary.framework; sourceTree = SDKROOT; };
		7216243C15BB852A0001877E /* CoreImage.framework */ = {isa = PBXFileReference; lastKnownFileType = wrapper.framework; name = CoreImage.framework; path = System/Library/Frameworks/CoreImage.framework; sourceTree = SDKROOT; };
		7216243D15BB852A0001877E /* AVFoundation.framework */ = {isa = PBXFileReference; lastKnownFileType = wrapper.framework; name = AVFoundation.framework; path = System/Library/Frameworks/AVFoundation.framework; sourceTree = SDKROOT; };
		7216243E15BB852A0001877E /* CoreVideo.framework */ = {isa = PBXFileReference; lastKnownFileType = wrapper.framework; name = CoreVideo.framework; path = System/Library/Frameworks/CoreVideo.framework; sourceTree = SDKROOT; };
		7216244A15BB86E40001877E /* SquareCamViewController.m */ = {isa = PBXFileReference; fileEncoding = 4; lastKnownFileType = sourcecode.c.objc; path = SquareCamViewController.m; sourceTree = "<group>"; };
		7216244B15BB86E40001877E /* SquareCamViewController.h */ = {isa = PBXFileReference; fileEncoding = 4; lastKnownFileType = sourcecode.c.h; path = SquareCamViewController.h; sourceTree = "<group>"; };
		7216245915BB8CAA0001877E /* DWFParticleView.m */ = {isa = PBXFileReference; fileEncoding = 4; lastKnownFileType = sourcecode.c.objc; path = DWFParticleView.m; sourceTree = "<group>"; };
		7216245A15BB8CAA0001877E /* DWFParticleView.h */ = {isa = PBXFileReference; fileEncoding = 4; lastKnownFileType = sourcecode.c.h; path = DWFParticleView.h; sourceTree = "<group>"; };
		7223EF7315BBC1860060AF6B /* GLKit.framework */ = {isa = PBXFileReference; lastKnownFileType = wrapper.framework; name = GLKit.framework; path = System/Library/Frameworks/GLKit.framework; sourceTree = SDKROOT; };
		7223EF7415BBC1860060AF6B /* OpenGLES.framework */ = {isa = PBXFileReference; lastKnownFileType = wrapper.framework; name = OpenGLES.framework; path = System/Library/Frameworks/OpenGLES.framework; sourceTree = SDKROOT; };
		7285650F15BBE1940011BAF9 /* bubble1.png */ = {isa = PBXFileReference; lastKnownFileType = image.png; path = bubble1.png; sourceTree = "<group>"; };
		7285651015BBE1940011BAF9 /* circle1.png */ = {isa = PBXFileReference; lastKnownFileType = image.png; path = circle1.png; sourceTree = "<group>"; };
		7285651115BBE1940011BAF9 /* Cross.png */ = {isa = PBXFileReference; lastKnownFileType = image.png; path = Cross.png; sourceTree = "<group>"; };
		7285651215BBE1940011BAF9 /* Hawk.png */ = {isa = PBXFileReference; lastKnownFileType = image.png; path = Hawk.png; sourceTree = "<group>"; };
		7285651315BBE1940011BAF9 /* heart1.png */ = {isa = PBXFileReference; lastKnownFileType = image.png; path = heart1.png; sourceTree = "<group>"; };
		7285651415BBE1940011BAF9 /* heart2.png */ = {isa = PBXFileReference; lastKnownFileType = image.png; path = heart2.png; sourceTree = "<group>"; };
		7285651515BBE1940011BAF9 /* Laby7.png */ = {isa = PBXFileReference; lastKnownFileType = image.png; path = Laby7.png; sourceTree = "<group>"; };
		7285651615BBE1940011BAF9 /* leaf1.png */ = {isa = PBXFileReference; lastKnownFileType = image.png; path = leaf1.png; sourceTree = "<group>"; };
		7285651715BBE1940011BAF9 /* LOL1.png */ = {isa = PBXFileReference; lastKnownFileType = image.png; path = LOL1.png; sourceTree = "<group>"; };
		7285651815BBE1940011BAF9 /* omg1.png */ = {isa = PBXFileReference; lastKnownFileType = image.png; path = omg1.png; sourceTree = "<group>"; };
		7285651915BBE1940011BAF9 /* paw1.png */ = {isa = PBXFileReference; lastKnownFileType = image.png; path = paw1.png; sourceTree = "<group>"; };
		7285651A15BBE1940011BAF9 /* splatter1.png */ = {isa = PBXFileReference; lastKnownFileType = image.png; path = splatter1.png; sourceTree = "<group>"; };
		7285651B15BBE1940011BAF9 /* StoneSpiral.png */ = {isa = PBXFileReference; lastKnownFileType = image.png; path = StoneSpiral.png; sourceTree = "<group>"; };
		7285651C15BBE1940011BAF9 /* sub_particle1.png */ = {isa = PBXFileReference; lastKnownFileType = image.png; path = sub_particle1.png; sourceTree = "<group>"; };
		7285651D15BBE1940011BAF9 /* zzz1.png */ = {isa = PBXFileReference; lastKnownFileType = image.png; path = zzz1.png; sourceTree = "<group>"; };
		72B0D87615BBB4CB00C41B3E /* squarePNG.png */ = {isa = PBXFileReference; lastKnownFileType = image.png; path = squarePNG.png; sourceTree = "<group>"; };
		72CA4DA615BB985A007FCD2C /* Poppy.png */ = {isa = PBXFileReference; lastKnownFileType = image.png; path = Poppy.png; sourceTree = "<group>"; };
		72CA4DA715BB985A007FCD2C /* star1.png */ = {isa = PBXFileReference; lastKnownFileType = image.png; path = star1.png; sourceTree = "<group>"; };
		72CA4DA815BB985A007FCD2C /* star2.png */ = {isa = PBXFileReference; lastKnownFileType = image.png; path = star2.png; sourceTree = "<group>"; };
		72CA4DA915BB985A007FCD2C /* star3.png */ = {isa = PBXFileReference; lastKnownFileType = image.png; path = star3.png; sourceTree = "<group>"; };
		72CA4DAA15BB985A007FCD2C /* star4.png */ = {isa = PBXFileReference; lastKnownFileType = image.png; path = star4.png; sourceTree = "<group>"; };
		72FBC6F115BC9105005A8761 /* face_spiral.png */ = {isa = PBXFileReference; lastKnownFileType = image.png; name = face_spiral.png; path = Resources/face_spiral.png; sourceTree = "<group>"; };
/* End PBXFileReference section */

/* Begin PBXFrameworksBuildPhase section */
		7216240915BB84B80001877E /* Frameworks */ = {
			isa = PBXFrameworksBuildPhase;
			buildActionMask = 2147483647;
			files = (
				7216241115BB84B80001877E /* UIKit.framework in Frameworks */,
				7216241315BB84B80001877E /* Foundation.framework in Frameworks */,
				7216241515BB84B80001877E /* CoreGraphics.framework in Frameworks */,
				7216243F15BB852A0001877E /* ImageIO.framework in Frameworks */,
				7216244015BB852A0001877E /* QuartzCore.framework in Frameworks */,
				7216244115BB852A0001877E /* CoreMedia.framework in Frameworks */,
				7216244215BB852A0001877E /* AssetsLibrary.framework in Frameworks */,
				7216244315BB852A0001877E /* CoreImage.framework in Frameworks */,
				7216244415BB852A0001877E /* AVFoundation.framework in Frameworks */,
				7216244515BB852A0001877E /* CoreVideo.framework in Frameworks */,
				7223EF7515BBC1860060AF6B /* GLKit.framework in Frameworks */,
				7223EF7615BBC1860060AF6B /* OpenGLES.framework in Frameworks */,
			);
			runOnlyForDeploymentPostprocessing = 0;
		};
/* End PBXFrameworksBuildPhase section */

/* Begin PBXGroup section */
		72104D4715BC7E8900653500 /* UI */ = {
			isa = PBXGroup;
			children = (
				72104D4815BC7E8900653500 /* app_icon.png */,
				72104D4915BC7E8900653500 /* effects_bar.png */,
				72104D4A15BC7E8900653500 /* FullLayout.png */,
				72104D4B15BC7E8900653500 /* icon1-1.png */,
				72104D4C15BC7E8900653500 /* icon1-2.png */,
				72104D4D15BC7E8900653500 /* icon1-3.png */,
				72104D4E15BC7E8900653500 /* icon1-4.png */,
				72104D4F15BC7E8900653500 /* icon1-5.png */,
				72104D5015BC7E8900653500 /* icon1-6.png */,
				72104D5115BC7E8900653500 /* icon2-1.png */,
				72104D5215BC7E8900653500 /* icon2-2.png */,
				72104D5315BC7E8900653500 /* icon2-3.png */,
				72104D5415BC7E8900653500 /* icon2-4.png */,
				72104D5515BC7E8900653500 /* icon2-5.png */,
				72104D5615BC7E8900653500 /* icon2-6.png */,
				72104D5715BC7E8900653500 /* icon2-7.png */,
				72104D5815BC7E8900653500 /* icon2-8.png */,
				72104D5915BC7E8900653500 /* icon_separator.png */,
				72104D5A15BC7E8900653500 /* title_bar.png */,
			);
			path = UI;
			sourceTree = "<group>";
		};
		7216240115BB84B80001877E = {
			isa = PBXGroup;
			children = (
				72104D7515BC7F1A00653500 /* Icon-72@2x.png */,
				72104D7315BC7F1300653500 /* Icon-72.png */,
				7216241615BB84B80001877E /* SeeMeHearMeTouchMe */,
				7216240F15BB84B80001877E /* Frameworks */,
				7216240D15BB84B80001877E /* Products */,
			);
			sourceTree = "<group>";
		};
		7216240D15BB84B80001877E /* Products */ = {
			isa = PBXGroup;
			children = (
				7216240C15BB84B80001877E /* SeeMeHearMeTouchMe.app */,
			);
			name = Products;
			sourceTree = "<group>";
		};
		7216240F15BB84B80001877E /* Frameworks */ = {
			isa = PBXGroup;
			children = (
				7223EF7315BBC1860060AF6B /* GLKit.framework */,
				7223EF7415BBC1860060AF6B /* OpenGLES.framework */,
				7216243815BB852A0001877E /* ImageIO.framework */,
				7216243915BB852A0001877E /* QuartzCore.framework */,
				7216243A15BB852A0001877E /* CoreMedia.framework */,
				7216243B15BB852A0001877E /* AssetsLibrary.framework */,
				7216243C15BB852A0001877E /* CoreImage.framework */,
				7216243D15BB852A0001877E /* AVFoundation.framework */,
				7216243E15BB852A0001877E /* CoreVideo.framework */,
				7216241015BB84B80001877E /* UIKit.framework */,
				7216241215BB84B80001877E /* Foundation.framework */,
				7216241415BB84B80001877E /* CoreGraphics.framework */,
			);
			name = Frameworks;
			sourceTree = "<group>";
		};
		7216241615BB84B80001877E /* SeeMeHearMeTouchMe */ = {
			isa = PBXGroup;
			children = (
				72FBC6F115BC9105005A8761 /* face_spiral.png */,
				72CA4DA515BB985A007FCD2C /* Resources */,
				7216241F15BB84B80001877E /* AppDelegate.h */,
				7216242015BB84B80001877E /* AppDelegate.m */,
				7216242215BB84B80001877E /* MainStoryboard_iPhone.storyboard */,
				7216242515BB84B80001877E /* MainStoryboard_iPad.storyboard */,
				7216244B15BB86E40001877E /* SquareCamViewController.h */,
				7216244A15BB86E40001877E /* SquareCamViewController.m */,
				7216245A15BB8CAA0001877E /* DWFParticleView.h */,
				7216245915BB8CAA0001877E /* DWFParticleView.m */,
				7216241715BB84B80001877E /* Supporting Files */,
			);
			path = SeeMeHearMeTouchMe;
			sourceTree = "<group>";
		};
		7216241715BB84B80001877E /* Supporting Files */ = {
			isa = PBXGroup;
			children = (
				7216241815BB84B80001877E /* SeeMeHearMeTouchMe-Info.plist */,
				7216241915BB84B80001877E /* InfoPlist.strings */,
				7216241C15BB84B80001877E /* main.m */,
				7216241E15BB84B80001877E /* SeeMeHearMeTouchMe-Prefix.pch */,
			);
			name = "Supporting Files";
			sourceTree = "<group>";
		};
		72CA4DA515BB985A007FCD2C /* Resources */ = {
			isa = PBXGroup;
			children = (
				72104D4715BC7E8900653500 /* UI */,
				72104D4115BC778A00653500 /* Particles_fire.png */,
				72B0D87615BBB4CB00C41B3E /* squarePNG.png */,
				72CA4DA615BB985A007FCD2C /* Poppy.png */,
				72CA4DA715BB985A007FCD2C /* star1.png */,
				72CA4DA815BB985A007FCD2C /* star2.png */,
				72CA4DA915BB985A007FCD2C /* star3.png */,
				72CA4DAA15BB985A007FCD2C /* star4.png */,
				7285650F15BBE1940011BAF9 /* bubble1.png */,
				7285651015BBE1940011BAF9 /* circle1.png */,
				7285651115BBE1940011BAF9 /* Cross.png */,
				7285651215BBE1940011BAF9 /* Hawk.png */,
				7285651315BBE1940011BAF9 /* heart1.png */,
				7285651415BBE1940011BAF9 /* heart2.png */,
				7285651515BBE1940011BAF9 /* Laby7.png */,
				7285651615BBE1940011BAF9 /* leaf1.png */,
				7285651715BBE1940011BAF9 /* LOL1.png */,
				7285651815BBE1940011BAF9 /* omg1.png */,
				7285651915BBE1940011BAF9 /* paw1.png */,
				7285651A15BBE1940011BAF9 /* splatter1.png */,
				7285651B15BBE1940011BAF9 /* StoneSpiral.png */,
				7285651C15BBE1940011BAF9 /* sub_particle1.png */,
				7285651D15BBE1940011BAF9 /* zzz1.png */,
			);
			path = Resources;
			sourceTree = "<group>";
		};
/* End PBXGroup section */

/* Begin PBXNativeTarget section */
		7216240B15BB84B80001877E /* SeeMeHearMeTouchMe */ = {
			isa = PBXNativeTarget;
			buildConfigurationList = 7216242D15BB84B80001877E /* Build configuration list for PBXNativeTarget "SeeMeHearMeTouchMe" */;
			buildPhases = (
				7216240815BB84B80001877E /* Sources */,
				7216240915BB84B80001877E /* Frameworks */,
				7216240A15BB84B80001877E /* Resources */,
			);
			buildRules = (
			);
			dependencies = (
			);
			name = SeeMeHearMeTouchMe;
			productName = SeeMeHearMeTouchMe;
			productReference = 7216240C15BB84B80001877E /* SeeMeHearMeTouchMe.app */;
			productType = "com.apple.product-type.application";
		};
/* End PBXNativeTarget section */

/* Begin PBXProject section */
		7216240315BB84B80001877E /* Project object */ = {
			isa = PBXProject;
			attributes = {
				LastUpgradeCheck = 0430;
			};
			buildConfigurationList = 7216240615BB84B80001877E /* Build configuration list for PBXProject "SeeMeHearMeTouchMe" */;
			compatibilityVersion = "Xcode 3.2";
			developmentRegion = English;
			hasScannedForEncodings = 0;
			knownRegions = (
				en,
			);
			mainGroup = 7216240115BB84B80001877E;
			productRefGroup = 7216240D15BB84B80001877E /* Products */;
			projectDirPath = "";
			projectRoot = "";
			targets = (
				7216240B15BB84B80001877E /* SeeMeHearMeTouchMe */,
			);
		};
/* End PBXProject section */

/* Begin PBXResourcesBuildPhase section */
		7216240A15BB84B80001877E /* Resources */ = {
			isa = PBXResourcesBuildPhase;
			buildActionMask = 2147483647;
			files = (
				7216241B15BB84B80001877E /* InfoPlist.strings in Resources */,
				7216242415BB84B80001877E /* MainStoryboard_iPhone.storyboard in Resources */,
				7216242715BB84B80001877E /* MainStoryboard_iPad.storyboard in Resources */,
				72CA4DAB15BB985A007FCD2C /* Poppy.png in Resources */,
				72CA4DAC15BB985A007FCD2C /* star1.png in Resources */,
				72CA4DAD15BB985A007FCD2C /* star2.png in Resources */,
				72CA4DAE15BB985A007FCD2C /* star3.png in Resources */,
				72CA4DAF15BB985A007FCD2C /* star4.png in Resources */,
				72B0D87715BBB4CB00C41B3E /* squarePNG.png in Resources */,
				7285651E15BBE1940011BAF9 /* bubble1.png in Resources */,
				7285651F15BBE1940011BAF9 /* circle1.png in Resources */,
				7285652015BBE1940011BAF9 /* Cross.png in Resources */,
				7285652115BBE1940011BAF9 /* Hawk.png in Resources */,
				7285652215BBE1940011BAF9 /* heart1.png in Resources */,
				7285652315BBE1940011BAF9 /* heart2.png in Resources */,
				7285652415BBE1940011BAF9 /* Laby7.png in Resources */,
				7285652515BBE1940011BAF9 /* leaf1.png in Resources */,
				7285652615BBE1940011BAF9 /* LOL1.png in Resources */,
				7285652715BBE1940011BAF9 /* omg1.png in Resources */,
				7285652815BBE1940011BAF9 /* paw1.png in Resources */,
				7285652915BBE1940011BAF9 /* splatter1.png in Resources */,
				7285652A15BBE1940011BAF9 /* StoneSpiral.png in Resources */,
				7285652B15BBE1940011BAF9 /* sub_particle1.png in Resources */,
				7285652C15BBE1940011BAF9 /* zzz1.png in Resources */,
				72104D4215BC778A00653500 /* Particles_fire.png in Resources */,
				72104D5B15BC7E8900653500 /* app_icon.png in Resources */,
				72104D5C15BC7E8900653500 /* effects_bar.png in Resources */,
				72104D5D15BC7E8900653500 /* FullLayout.png in Resources */,
				72104D5E15BC7E8900653500 /* icon1-1.png in Resources */,
				72104D5F15BC7E8900653500 /* icon1-2.png in Resources */,
				72104D6015BC7E8900653500 /* icon1-3.png in Resources */,
				72104D6115BC7E8900653500 /* icon1-4.png in Resources */,
				72104D6215BC7E8900653500 /* icon1-5.png in Resources */,
				72104D6315BC7E8900653500 /* icon1-6.png in Resources */,
				72104D6415BC7E8900653500 /* icon2-1.png in Resources */,
				72104D6515BC7E8900653500 /* icon2-2.png in Resources */,
				72104D6615BC7E8900653500 /* icon2-3.png in Resources */,
				72104D6715BC7E8900653500 /* icon2-4.png in Resources */,
				72104D6815BC7E8900653500 /* icon2-5.png in Resources */,
				72104D6915BC7E8900653500 /* icon2-6.png in Resources */,
				72104D6A15BC7E8900653500 /* icon2-7.png in Resources */,
				72104D6B15BC7E8900653500 /* icon2-8.png in Resources */,
				72104D6C15BC7E8900653500 /* icon_separator.png in Resources */,
				72104D6D15BC7E8900653500 /* title_bar.png in Resources */,
				72104D7415BC7F1300653500 /* Icon-72.png in Resources */,
				72104D7615BC7F1A00653500 /* Icon-72@2x.png in Resources */,
				72FBC6F215BC9105005A8761 /* face_spiral.png in Resources */,
			);
			runOnlyForDeploymentPostprocessing = 0;
		};
/* End PBXResourcesBuildPhase section */

/* Begin PBXSourcesBuildPhase section */
		7216240815BB84B80001877E /* Sources */ = {
			isa = PBXSourcesBuildPhase;
			buildActionMask = 2147483647;
			files = (
				7216241D15BB84B80001877E /* main.m in Sources */,
				7216242115BB84B80001877E /* AppDelegate.m in Sources */,
				7216244C15BB86E40001877E /* SquareCamViewController.m in Sources */,
				7216245B15BB8CAA0001877E /* DWFParticleView.m in Sources */,
			);
			runOnlyForDeploymentPostprocessing = 0;
		};
/* End PBXSourcesBuildPhase section */

/* Begin PBXVariantGroup section */
		7216241915BB84B80001877E /* InfoPlist.strings */ = {
			isa = PBXVariantGroup;
			children = (
				7216241A15BB84B80001877E /* en */,
			);
			name = InfoPlist.strings;
			sourceTree = "<group>";
		};
		7216242215BB84B80001877E /* MainStoryboard_iPhone.storyboard */ = {
			isa = PBXVariantGroup;
			children = (
				7216242315BB84B80001877E /* en */,
			);
			name = MainStoryboard_iPhone.storyboard;
			sourceTree = "<group>";
		};
		7216242515BB84B80001877E /* MainStoryboard_iPad.storyboard */ = {
			isa = PBXVariantGroup;
			children = (
				7216242615BB84B80001877E /* en */,
			);
			name = MainStoryboard_iPad.storyboard;
			sourceTree = "<group>";
		};
/* End PBXVariantGroup section */

/* Begin XCBuildConfiguration section */
		7216242B15BB84B80001877E /* Debug */ = {
			isa = XCBuildConfiguration;
			buildSettings = {
				ALWAYS_SEARCH_USER_PATHS = NO;
				ARCHS = "$(ARCHS_STANDARD_32_BIT)";
				CLANG_ENABLE_OBJC_ARC = YES;
				"CODE_SIGN_IDENTITY[sdk=iphoneos*]" = "iPhone Developer";
				COPY_PHASE_STRIP = NO;
				GCC_C_LANGUAGE_STANDARD = gnu99;
				GCC_DYNAMIC_NO_PIC = NO;
				GCC_OPTIMIZATION_LEVEL = 0;
				GCC_PREPROCESSOR_DEFINITIONS = (
					"DEBUG=1",
					"$(inherited)",
				);
				GCC_SYMBOLS_PRIVATE_EXTERN = NO;
				GCC_VERSION = com.apple.compilers.llvm.clang.1_0;
				GCC_WARN_ABOUT_RETURN_TYPE = YES;
				GCC_WARN_UNINITIALIZED_AUTOS = YES;
				GCC_WARN_UNUSED_VARIABLE = YES;
				IPHONEOS_DEPLOYMENT_TARGET = 5.1;
				SDKROOT = iphoneos;
				TARGETED_DEVICE_FAMILY = "1,2";
			};
			name = Debug;
		};
		7216242C15BB84B80001877E /* Release */ = {
			isa = XCBuildConfiguration;
			buildSettings = {
				ALWAYS_SEARCH_USER_PATHS = NO;
				ARCHS = "$(ARCHS_STANDARD_32_BIT)";
				CLANG_ENABLE_OBJC_ARC = YES;
				"CODE_SIGN_IDENTITY[sdk=iphoneos*]" = "iPhone Developer";
				COPY_PHASE_STRIP = YES;
				GCC_C_LANGUAGE_STANDARD = gnu99;
				GCC_VERSION = com.apple.compilers.llvm.clang.1_0;
				GCC_WARN_ABOUT_RETURN_TYPE = YES;
				GCC_WARN_UNINITIALIZED_AUTOS = YES;
				GCC_WARN_UNUSED_VARIABLE = YES;
				IPHONEOS_DEPLOYMENT_TARGET = 5.1;
				OTHER_CFLAGS = "-DNS_BLOCK_ASSERTIONS=1";
				SDKROOT = iphoneos;
				TARGETED_DEVICE_FAMILY = "1,2";
				VALIDATE_PRODUCT = YES;
			};
			name = Release;
		};
		7216242E15BB84B80001877E /* Debug */ = {
			isa = XCBuildConfiguration;
			buildSettings = {
				FRAMEWORK_SEARCH_PATHS = (
					"$(inherited)",
					"\"$(SRCROOT)\"",
				);
				GCC_PRECOMPILE_PREFIX_HEADER = YES;
				GCC_PREFIX_HEADER = "SeeMeHearMeTouchMe/SeeMeHearMeTouchMe-Prefix.pch";
				INFOPLIST_FILE = "SeeMeHearMeTouchMe/SeeMeHearMeTouchMe-Info.plist";
				PRODUCT_NAME = "$(TARGET_NAME)";
				WRAPPER_EXTENSION = app;
			};
			name = Debug;
		};
		7216242F15BB84B80001877E /* Release */ = {
			isa = XCBuildConfiguration;
			buildSettings = {
				FRAMEWORK_SEARCH_PATHS = (
					"$(inherited)",
					"\"$(SRCROOT)\"",
				);
				GCC_PRECOMPILE_PREFIX_HEADER = YES;
				GCC_PREFIX_HEADER = "SeeMeHearMeTouchMe/SeeMeHearMeTouchMe-Prefix.pch";
				INFOPLIST_FILE = "SeeMeHearMeTouchMe/SeeMeHearMeTouchMe-Info.plist";
				PRODUCT_NAME = "$(TARGET_NAME)";
				WRAPPER_EXTENSION = app;
			};
			name = Release;
		};
/* End XCBuildConfiguration section */

/* Begin XCConfigurationList section */
		7216240615BB84B80001877E /* Build configuration list for PBXProject "SeeMeHearMeTouchMe" */ = {
			isa = XCConfigurationList;
			buildConfigurations = (
				7216242B15BB84B80001877E /* Debug */,
				7216242C15BB84B80001877E /* Release */,
			);
			defaultConfigurationIsVisible = 0;
			defaultConfigurationName = Release;
		};
		7216242D15BB84B80001877E /* Build configuration list for PBXNativeTarget "SeeMeHearMeTouchMe" */ = {
			isa = XCConfigurationList;
			buildConfigurations = (
				7216242E15BB84B80001877E /* Debug */,
				7216242F15BB84B80001877E /* Release */,
			);
			defaultConfigurationIsVisible = 0;
			defaultConfigurationName = Release;
		};
/* End XCConfigurationList section */
	};
	rootObject = 7216240315BB84B80001877E /* Project object */;
}
